
Microsoft Visual Studio Solution File, Format Version 12.00
# Visual Studio Version 16
VisualStudioVersion = 16.0.29102.190
MinimumVisualStudioVersion = 10.0.40219.1
Project("{FAE04EC0-301F-11D3-BF4B-00C04F79EFBC}") = "Core.Common", "Core.Common\Core.Common.csproj", "{9793B3EB-BB48-484C-8C71-90B29A702023}"
EndProject
Project("{FAE04EC0-301F-11D3-BF4B-00C04F79EFBC}") = "Console", "Console\Console.csproj", "{6D58FD95-69D6-4FB8-9DAE-14B23C28BF04}"
EndProject
Global
	GlobalSection(SolutionConfigurationPlatforms) = preSolution
		Debug|Any CPU = Debug|Any CPU
		Release|Any CPU = Release|Any CPU
	EndGlobalSection
	GlobalSection(ProjectConfigurationPlatforms) = postSolution
		{9793B3EB-BB48-484C-8C71-90B29A702023}.Debug|Any CPU.ActiveCfg = Debug|Any CPU
		{9793B3EB-BB48-484C-8C71-90B29A702023}.Debug|Any CPU.Build.0 = Debug|Any CPU
		{9793B3EB-BB48-484C-8C71-90B29A702023}.Release|Any CPU.ActiveCfg = Release|Any CPU
		{9793B3EB-BB48-484C-8C71-90B29A702023}.Release|Any CPU.Build.0 = Release|Any CPU
		{6D58FD95-69D6-4FB8-9DAE-14B23C28BF04}.Debug|Any CPU.ActiveCfg = Debug|Any CPU
		{6D58FD95-69D6-4FB8-9DAE-14B23C28BF04}.Debug|Any CPU.Build.0 = Debug|Any CPU
		{6D58FD95-69D6-4FB8-9DAE-14B23C28BF04}.Release|Any CPU.ActiveCfg = Release|Any CPU
		{6D58FD95-69D6-4FB8-9DAE-14B23C28BF04}.Release|Any CPU.Build.0 = Release|Any CPU
	EndGlobalSection
	GlobalSection(SolutionProperties) = preSolution
		HideSolutionNode = FALSE
	EndGlobalSection
	GlobalSection(ExtensibilityGlobals) = postSolution
		SolutionGuid = {0A20F160-8AB2-4308-98F9-6C31264915F2}
	EndGlobalSection
EndGlobal
